// !$*UTF8*$!
{
	archiveVersion = 1;
	classes = {
	};
	objectVersion = 56;
	objects = {

/* Begin PBXBuildFile section */
		234201E7BE4A4C58B8687316 /* MenuView.swift in Sources */ = {isa = PBXBuildFile; fileRef = A315048B97074450ABE619AD /* MenuView.swift */; };
		55966DBB252D466B9273CAF7 /* WinOverlayView.swift in Sources */ = {isa = PBXBuildFile; fileRef = 436069C27AC94658979E5D7F /* WinOverlayView.swift */; };
		5A45656B96E141658DE16AC3 /* CardView.swift in Sources */ = {isa = PBXBuildFile; fileRef = 24D97AEB50A2481CA563C3A6 /* CardView.swift */; };
		637B5D21C4374CDE930E2E07 /* Assets.xcassets in Resources */ = {isa = PBXBuildFile; fileRef = 6CCB8B0B218644019EEF4276 /* Assets.xcassets */; };
		6585130759194F4FA275DDCD /* MemoryFlipApp.swift in Sources */ = {isa = PBXBuildFile; fileRef = D318D03D89EE4048B9DAC07B /* MemoryFlipApp.swift */; };
		C9CFA0E04D634C60A88B785D /* GameBoardView.swift in Sources */ = {isa = PBXBuildFile; fileRef = 6E3B095E36094067AB9BC2C6 /* GameBoardView.swift */; };
		F127F4C1B8AE4C2DABFFD5A4 /* GameModel.swift in Sources */ = {isa = PBXBuildFile; fileRef = 1B25C462AE8A4C87AF3ED028 /* GameModel.swift */; };
/* End PBXBuildFile section */

/* Begin PBXFileReference section */
		1B25C462AE8A4C87AF3ED028 /* GameModel.swift */ = {isa = PBXFileReference; lastKnownFileType = sourcecode.swift; path = GameModel.swift; sourceTree = "<group>"; };
		24D97AEB50A2481CA563C3A6 /* CardView.swift */ = {isa = PBXFileReference; lastKnownFileType = sourcecode.swift; path = CardView.swift; sourceTree = "<group>"; };
		436069C27AC94658979E5D7F /* WinOverlayView.swift */ = {isa = PBXFileReference; lastKnownFileType = sourcecode.swift; path = WinOverlayView.swift; sourceTree = "<group>"; };
		6B99CC98CA404B98A570287D /* MemoryFlip.app */ = {isa = PBXFileReference; explicitFileType = wrapper.application; includeInIndex = 0; path = MemoryFlip.app; sourceTree = BUILT_PRODUCTS_DIR; };
		6CCB8B0B218644019EEF4276 /* Assets.xcassets */ = {isa = PBXFileReference; lastKnownFileType = folder.assetcatalog; path = Assets.xcassets; sourceTree = "<group>"; };
		6E3B095E36094067AB9BC2C6 /* GameBoardView.swift */ = {isa = PBXFileReference; lastKnownFileType = sourcecode.swift; path = GameBoardView.swift; sourceTree = "<group>"; };
		A315048B97074450ABE619AD /* MenuView.swift */ = {isa = PBXFileReference; lastKnownFileType = sourcecode.swift; path = MenuView.swift; sourceTree = "<group>"; };
		D318D03D89EE4048B9DAC07B /* MemoryFlipApp.swift */ = {isa = PBXFileReference; lastKnownFileType = sourcecode.swift; path = MemoryFlipApp.swift; sourceTree = "<group>"; };
/* End PBXFileReference section */

/* Begin PBXFrameworksBuildPhase section */
		DB6055511B5D4CEBB70D4EF1 /* Frameworks */ = {
			isa = PBXFrameworksBuildPhase;
			buildActionMask = 2147483647;
			files = (
			);
			runOnlyForDeploymentPostprocessing = 0;
		};
/* End PBXFrameworksBuildPhase section */

/* Begin PBXGroup section */
		0C0F7C667D0B4B70832788EA /* MemoryFlip */ = {
			isa = PBXGroup;
			children = (
				D318D03D89EE4048B9DAC07B /* MemoryFlipApp.swift */,
				1B25C462AE8A4C87AF3ED028 /* GameModel.swift */,
				A315048B97074450ABE619AD /* MenuView.swift */,
				6E3B095E36094067AB9BC2C6 /* GameBoardView.swift */,
				24D97AEB50A2481CA563C3A6 /* CardView.swift */,
				436069C27AC94658979E5D7F /* WinOverlayView.swift */,
				6CCB8B0B218644019EEF4276 /* Assets.xcassets */,
			);
			path = MemoryFlip;
			sourceTree = "<group>";
		};
		3A587628C071480BBA163B1A /* Products */ = {
			isa = PBXGroup;
			children = (
				6B99CC98CA404B98A570287D /* MemoryFlip.app */,
			);
			name = Products;
			sourceTree = "<group>";
		};
		54FBDCAB996F42FE96A130BD = {
			isa = PBXGroup;
			children = (
				0C0F7C667D0B4B70832788EA /* MemoryFlip */,
				3A587628C071480BBA163B1A /* Products */,
			);
			sourceTree = "<group>";
		};
/* End PBXGroup section */

/* Begin PBXNativeTarget section */
		816D502CC8294E42941D823C /* MemoryFlip */ = {
			isa = PBXNativeTarget;
			buildConfigurationList = FBE8B45E97A6449F83CBD98B /* Build configuration list for PBXNativeTarget "MemoryFlip" */;
			buildPhases = (
				6275A02DB7AC40BDA6E1CE3B /* Sources */,
				DB6055511B5D4CEBB70D4EF1 /* Frameworks */,
				40F4178F6440485D8689F600 /* Resources */,
			);
			buildRules = (
			);
			dependencies = (
			);
			name = MemoryFlip;
			productName = MemoryFlip;
			productReference = 6B99CC98CA404B98A570287D /* MemoryFlip.app */;
			productType = "com.apple.product-type.application";
		};
/* End PBXNativeTarget section */

/* Begin PBXProject section */
		66B3196C505543B792248B41 /* Project object */ = {
			isa = PBXProject;
			attributes = {
				BuildIndependentTargetsInParallel = 1;
				LastSwiftUpdateCheck = 1500;
				LastUpgradeCheck = 1500;
				TargetAttributes = {
					816D502CC8294E42941D823C = {
						CreatedOnToolsVersion = 15.0;
					};
				};
			};
			buildConfigurationList = D0EFA3FE7E3C41AAB871D67F /* Build configuration list for PBXProject "MemoryFlip" */;
			compatibilityVersion = "Xcode 14.0";
			developmentRegion = en;
			hasScannedForEncodings = 0;
			knownRegions = (
				en,
				Base,
			);
			mainGroup = 54FBDCAB996F42FE96A130BD;
			productRefGroup = 3A587628C071480BBA163B1A /* Products */;
			projectDirPath = "";
			projectRoot = "";
			targets = (
				816D502CC8294E42941D823C /* MemoryFlip */,
			);
		};
/* End PBXProject section */

/* Begin PBXResourcesBuildPhase section */
		40F4178F6440485D8689F600 /* Resources */ = {
			isa = PBXResourcesBuildPhase;
			buildActionMask = 2147483647;
			files = (
				637B5D21C4374CDE930E2E07 /* Assets.xcassets in Resources */,
			);
			runOnlyForDeploymentPostprocessing = 0;
		};
/* End PBXResourcesBuildPhase section */

/* Begin PBXSourcesBuildPhase section */
		6275A02DB7AC40BDA6E1CE3B /* Sources */ = {
			isa = PBXSourcesBuildPhase;
			buildActionMask = 2147483647;
			files = (
				6585130759194F4FA275DDCD /* MemoryFlipApp.swift in Sources */,
				F127F4C1B8AE4C2DABFFD5A4 /* GameModel.swift in Sources */,
				234201E7BE4A4C58B8687316 /* MenuView.swift in Sources */,
				C9CFA0E04D634C60A88B785D /* GameBoardView.swift in Sources */,
				5A45656B96E141658DE16AC3 /* CardView.swift in Sources */,
				55966DBB252D466B9273CAF7 /* WinOverlayView.swift in Sources */,
			);
			runOnlyForDeploymentPostprocessing = 0;
		};
/* End PBXSourcesBuildPhase section */

/* Begin XCBuildConfiguration section */
		617E8A64E56A407BA27481AE /* Debug */ = {
			isa = XCBuildConfiguration;
			buildSettings = {
				ALWAYS_SEARCH_USER_PATHS = NO;
				CLANG_ANALYZER_NONNULL = YES;
				CLANG_CXX_LANGUAGE_STANDARD = "gnu++20";
				CLANG_ENABLE_MODULES = YES;
				CLANG_ENABLE_OBJC_ARC = YES;
				CLANG_ENABLE_OBJC_WEAK = YES;
				CLANG_WARN_BLOCK_CAPTURE_AUTORELEASING = YES;
				CLANG_WARN_BOOL_CONVERSION = YES;
				CLANG_WARN_COMMA = YES;
				CLANG_WARN_CONSTANT_CONVERSION = YES;
				CLANG_WARN_DEPRECATED_OBJC_IMPLEMENTATIONS = YES;
				CLANG_WARN_DIRECT_OBJC_ISA_USAGE = YES_ERROR;
				CLANG_WARN_EMPTY_BODY = YES;
				CLANG_WARN_ENUM_CONVERSION = YES;
				CLANG_WARN_INFINITE_RECURSION = YES;
				CLANG_WARN_INT_CONVERSION = YES;
				CLANG_WARN_NON_LITERAL_NULL_CONVERSION = YES;
				CLANG_WARN_OBJC_IMPLICIT_RETAIN_SELF = YES;
				CLANG_WARN_OBJC_LITERAL_CONVERSION = YES;
				CLANG_WARN_OBJC_ROOT_CLASS = YES_ERROR;
				CLANG_WARN_RANGE_LOOP_ANALYSIS = YES;
				CLANG_WARN_STRICT_PROTOTYPES = YES;
				CLANG_WARN_SUSPICIOUS_MOVE = YES;
				CLANG_WARN_UNGUARDED_AVAILABILITY = YES_AGGRESSIVE;
				CLANG_WARN_UNREACHABLE_CODE = YES;
				CLANG_WARN__DUPLICATE_METHOD_MATCH = YES;
				COPY_PHASE_STRIP = NO;
				DEBUG_INFORMATION_FORMAT = dwarf;
				ENABLE_STRICT_OBJC_MSGSEND = YES;
				ENABLE_TESTABILITY = YES;
				GCC_C_LANGUAGE_STANDARD = gnu17;
				GCC_DYNAMIC_NO_PIC = NO;
				GCC_NO_COMMON_BLOCKS = YES;
				GCC_OPTIMIZATION_LEVEL = 0;
				GCC_PREPROCESSOR_DEFINITIONS = (
					"DEBUG=1",
					"$(inherited)",
				);
				GCC_WARN_64_TO_32_BIT_CONVERSION = YES;
				GCC_WARN_ABOUT_RETURN_TYPE = YES_ERROR;
				GCC_WARN_UNDECLARED_SELECTOR = YES;
				GCC_WARN_UNINITIALIZED_AUTOS = YES_AGGRESSIVE;
				GCC_WARN_UNUSED_FUNCTION = YES;
				GCC_WARN_UNUSED_VARIABLE = YES;
				IPHONEOS_DEPLOYMENT_TARGET = 16.0;
				MTL_ENABLE_DEBUG_INFO = INCLUDE_SOURCE;
				MTL_FAST_MATH = YES;
				ONLY_ACTIVE_ARCH = YES;
				SDKROOT = iphoneos;
				SWIFT_ACTIVE_COMPILATION_CONDITIONS = DEBUG;
				SWIFT_OPTIMIZATION_LEVEL = "-Onone";
			};
			name = Debug;
		};
		8056B48767D147A39F584C10 /* Release */ = {
			isa = XCBuildConfiguration;
			buildSettings = {
				ASSETCATALOG_COMPILER_APPICON_NAME = AppIcon;
				CODE_SIGN_STYLE = Automatic;
				CURRENT_PROJECT_VERSION = 1;
				DEVELOPMENT_TEAM = CCQNLNZKFG;
				ENABLE_PREVIEWS = YES;
				GENERATE_INFOPLIST_FILE = YES;
				INFOPLIST_KEY_UIApplicationSceneManifest_Generation = YES;
				INFOPLIST_KEY_UIApplicationSupportsIndirectInputEvents = YES;
				INFOPLIST_KEY_UILaunchScreen_Generation = YES;
				INFOPLIST_KEY_UISupportedInterfaceOrientations_iPhone = UIInterfaceOrientationPortrait;
				IPHONEOS_DEPLOYMENT_TARGET = 16.0;
				LD_RUNPATH_SEARCH_PATHS = (
					"$(inherited)",
					"@executable_path/Frameworks",
				);
				MARKETING_VERSION = 1.0;
				PRODUCT_BUNDLE_IDENTIFIER = com.choasisaladder.memoryflip;
				PRODUCT_NAME = "$(TARGET_NAME)";
				SDKROOT = iphoneos;
				SWIFT_EMIT_LOC_STRINGS = YES;
				SWIFT_VERSION = 5.0;
				TARGETED_DEVICE_FAMILY = 1;
			};
			name = Release;
		};
		D3029BDC489946A395CD0648 /* Debug */ = {
			isa = XCBuildConfiguration;
			buildSettings = {
				ASSETCATALOG_COMPILER_APPICON_NAME = AppIcon;
				CODE_SIGN_STYLE = Automatic;
				CURRENT_PROJECT_VERSION = 1;
				DEVELOPMENT_TEAM = CCQNLNZKFG;
				ENABLE_PREVIEWS = YES;
				GENERATE_INFOPLIST_FILE = YES;
				INFOPLIST_KEY_UIApplicationSceneManifest_Generation = YES;
				INFOPLIST_KEY_UIApplicationSupportsIndirectInputEvents = YES;
				INFOPLIST_KEY_UILaunchScreen_Generation = YES;
				INFOPLIST_KEY_UISupportedInterfaceOrientations_iPhone = UIInterfaceOrientationPortrait;
				IPHONEOS_DEPLOYMENT_TARGET = 16.0;
				LD_RUNPATH_SEARCH_PATHS = (
					"$(inherited)",
					"@executable_path/Frameworks",
				);
				MARKETING_VERSION = 1.0;
				PRODUCT_BUNDLE_IDENTIFIER = com.choasisaladder.memoryflip;
				PRODUCT_NAME = "$(TARGET_NAME)";
				SDKROOT = iphoneos;
				SWIFT_EMIT_LOC_STRINGS = YES;
				SWIFT_VERSION = 5.0;
				TARGETED_DEVICE_FAMILY = 1;
			};
			name = Debug;
		};
		F3EEB0FA8F394E91986C8308 /* Release */ = {
			isa = XCBuildConfiguration;
			buildSettings = {
				ALWAYS_SEARCH_USER_PATHS = NO;
				CLANG_ANALYZER_NONNULL = YES;
				CLANG_CXX_LANGUAGE_STANDARD = "gnu++20";
				CLANG_ENABLE_MODULES = YES;
				CLANG_ENABLE_OBJC_ARC = YES;
				CLANG_ENABLE_OBJC_WEAK = YES;
				CLANG_WARN_BLOCK_CAPTURE_AUTORELEASING = YES;
				CLANG_WARN_BOOL_CONVERSION = YES;
				CLANG_WARN_COMMA = YES;
				CLANG_WARN_CONSTANT_CONVERSION = YES;
				CLANG_WARN_DEPRECATED_OBJC_IMPLEMENTATIONS = YES;
				CLANG_WARN_DIRECT_OBJC_ISA_USAGE = YES_ERROR;
				CLANG_WARN_EMPTY_BODY = YES;
				CLANG_WARN_ENUM_CONVERSION = YES;
				CLANG_WARN_INFINITE_RECURSION = YES;
				CLANG_WARN_INT_CONVERSION = YES;
				CLANG_WARN_NON_LITERAL_NULL_CONVERSION = YES;
				CLANG_WARN_OBJC_IMPLICIT_RETAIN_SELF = YES;
				CLANG_WARN_OBJC_LITERAL_CONVERSION = YES;
				CLANG_WARN_OBJC_ROOT_CLASS = YES_ERROR;
				CLANG_WARN_RANGE_LOOP_ANALYSIS = YES;
				CLANG_WARN_STRICT_PROTOTYPES = YES;
				CLANG_WARN_SUSPICIOUS_MOVE = YES;
				CLANG_WARN_UNGUARDED_AVAILABILITY = YES_AGGRESSIVE;
				CLANG_WARN_UNREACHABLE_CODE = YES;
				CLANG_WARN__DUPLICATE_METHOD_MATCH = YES;
				COPY_PHASE_STRIP = NO;
				DEBUG_INFORMATION_FORMAT = "dwarf-with-dsym";
				ENABLE_NS_ASSERTIONS = NO;
				ENABLE_STRICT_OBJC_MSGSEND = YES;
				GCC_C_LANGUAGE_STANDARD = gnu17;
				GCC_NO_COMMON_BLOCKS = YES;
				GCC_WARN_64_TO_32_BIT_CONVERSION = YES;
				GCC_WARN_ABOUT_RETURN_TYPE = YES_ERROR;
				GCC_WARN_UNDECLARED_SELECTOR = YES;
				GCC_WARN_UNINITIALIZED_AUTOS = YES_AGGRESSIVE;
				GCC_WARN_UNUSED_FUNCTION = YES;
				GCC_WARN_UNUSED_VARIABLE = YES;
				IPHONEOS_DEPLOYMENT_TARGET = 16.0;
				MTL_FAST_MATH = YES;
				SDKROOT = iphoneos;
				SWIFT_COMPILATION_MODE = wholemodule;
				SWIFT_OPTIMIZATION_LEVEL = "-O";
				VALIDATE_PRODUCT = YES;
			};
			name = Release;
		};
/* End XCBuildConfiguration section */

/* Begin XCConfigurationList section */
		D0EFA3FE7E3C41AAB871D67F /* Build configuration list for PBXProject "MemoryFlip" */ = {
			isa = XCConfigurationList;
			buildConfigurations = (
				617E8A64E56A407BA27481AE /* Debug */,
				F3EEB0FA8F394E91986C8308 /* Release */,
			);
			defaultConfigurationIsVisible = 0;
			defaultConfigurationName = Release;
		};
		FBE8B45E97A6449F83CBD98B /* Build configuration list for PBXNativeTarget "MemoryFlip" */ = {
			isa = XCConfigurationList;
			buildConfigurations = (
				D3029BDC489946A395CD0648 /* Debug */,
				8056B48767D147A39F584C10 /* Release */,
			);
			defaultConfigurationIsVisible = 0;
			defaultConfigurationName = Release;
		};
/* End XCConfigurationList section */
	};
	rootObject = 66B3196C505543B792248B41 /* Project object */;
}
